// !$*UTF8*$!
{
	archiveVersion = 1;
	classes = {
	};
	objectVersion = 55;
	objects = {

/* Begin PBXBuildFile section */
		2F2215C82B0CA9FB001280E7 /* custom.plist in Resources */ = {isa = PBXBuildFile; fileRef = 2F2215C72B0CA9FB001280E7 /* custom.plist */; };
		2F5297A02B0C8AF50052C207 /* AppDelegate.swift in Sources */ = {isa = PBXBuildFile; fileRef = 2F52979F2B0C8AF50052C207 /* AppDelegate.swift */; };
		2F5297A22B0C8AF50052C207 /* SceneDelegate.swift in Sources */ = {isa = PBXBuildFile; fileRef = 2F5297A12B0C8AF50052C207 /* SceneDelegate.swift */; };
		2F5297A42B0C8AF50052C207 /* ViewController.swift in Sources */ = {isa = PBXBuildFile; fileRef = 2F5297A32B0C8AF50052C207 /* ViewController.swift */; };
		2F5297A72B0C8AF50052C207 /* Main.storyboard in Resources */ = {isa = PBXBuildFile; fileRef = 2F5297A52B0C8AF50052C207 /* Main.storyboard */; };
		2F5297A92B0C8AF60052C207 /* Assets.xcassets in Resources */ = {isa = PBXBuildFile; fileRef = 2F5297A82B0C8AF60052C207 /* Assets.xcassets */; };
		2F5297AC2B0C8AF60052C207 /* LaunchScreen.storyboard in Resources */ = {isa = PBXBuildFile; fileRef = 2F5297AA2B0C8AF60052C207 /* LaunchScreen.storyboard */; };
		2F5297B42B0C8B710052C207 /* PlaceToLocationManager.swift in Sources */ = {isa = PBXBuildFile; fileRef = 2F5297B32B0C8B710052C207 /* PlaceToLocationManager.swift */; };
		B30082EA452EE0BA7E059B82 /* Pods_GetLocationByPlaceName.framework in Frameworks */ = {isa = PBXBuildFile; fileRef = AEF0ECC12C21870DFB537A4A /* Pods_GetLocationByPlaceName.framework */; };
/* End PBXBuildFile section */

/* Begin PBXFileReference section */
		2F2215C72B0CA9FB001280E7 /* custom.plist */ = {isa = PBXFileReference; fileEncoding = 4; lastKnownFileType = text.plist.xml; path = custom.plist; sourceTree = "<group>"; };
		2F52979C2B0C8AF50052C207 /* GetLocationByPlaceName.app */ = {isa = PBXFileReference; explicitFileType = wrapper.application; includeInIndex = 0; path = GetLocationByPlaceName.app; sourceTree = BUILT_PRODUCTS_DIR; };
		2F52979F2B0C8AF50052C207 /* AppDelegate.swift */ = {isa = PBXFileReference; lastKnownFileType = sourcecode.swift; path = AppDelegate.swift; sourceTree = "<group>"; };
		2F5297A12B0C8AF50052C207 /* SceneDelegate.swift */ = {isa = PBXFileReference; lastKnownFileType = sourcecode.swift; path = SceneDelegate.swift; sourceTree = "<group>"; };
		2F5297A32B0C8AF50052C207 /* ViewController.swift */ = {isa = PBXFileReference; lastKnownFileType = sourcecode.swift; path = ViewController.swift; sourceTree = "<group>"; };
		2F5297A62B0C8AF50052C207 /* Base */ = {isa = PBXFileReference; lastKnownFileType = file.storyboard; name = Base; path = Base.lproj/Main.storyboard; sourceTree = "<group>"; };
		2F5297A82B0C8AF60052C207 /* Assets.xcassets */ = {isa = PBXFileReference; lastKnownFileType = folder.assetcatalog; path = Assets.xcassets; sourceTree = "<group>"; };
		2F5297AB2B0C8AF60052C207 /* Base */ = {isa = PBXFileReference; lastKnownFileType = file.storyboard; name = Base; path = Base.lproj/LaunchScreen.storyboard; sourceTree = "<group>"; };
		2F5297AD2B0C8AF60052C207 /* Info.plist */ = {isa = PBXFileReference; lastKnownFileType = text.plist.xml; path = Info.plist; sourceTree = "<group>"; };
		2F5297B32B0C8B710052C207 /* PlaceToLocationManager.swift */ = {isa = PBXFileReference; lastKnownFileType = sourcecode.swift; path = PlaceToLocationManager.swift; sourceTree = "<group>"; };
		92846028464F90AF8FCFF426 /* Pods-GetLocationByPlaceName.release.xcconfig */ = {isa = PBXFileReference; includeInIndex = 1; lastKnownFileType = text.xcconfig; name = "Pods-GetLocationByPlaceName.release.xcconfig"; path = "Target Support Files/Pods-GetLocationByPlaceName/Pods-GetLocationByPlaceName.release.xcconfig"; sourceTree = "<group>"; };
		AEF0ECC12C21870DFB537A4A /* Pods_GetLocationByPlaceName.framework */ = {isa = PBXFileReference; explicitFileType = wrapper.framework; includeInIndex = 0; path = Pods_GetLocationByPlaceName.framework; sourceTree = BUILT_PRODUCTS_DIR; };
		EB9020667583939DBCDB2F29 /* Pods-GetLocationByPlaceName.debug.xcconfig */ = {isa = PBXFileReference; includeInIndex = 1; lastKnownFileType = text.xcconfig; name = "Pods-GetLocationByPlaceName.debug.xcconfig"; path = "Target Support Files/Pods-GetLocationByPlaceName/Pods-GetLocationByPlaceName.debug.xcconfig"; sourceTree = "<group>"; };
/* End PBXFileReference section */

/* Begin PBXFrameworksBuildPhase section */
		2F5297992B0C8AF50052C207 /* Frameworks */ = {
			isa = PBXFrameworksBuildPhase;
			buildActionMask = 2147483647;
			files = (
				B30082EA452EE0BA7E059B82 /* Pods_GetLocationByPlaceName.framework in Frameworks */,
			);
			runOnlyForDeploymentPostprocessing = 0;
		};
/* End PBXFrameworksBuildPhase section */

/* Begin PBXGroup section */
		2F5297932B0C8AF50052C207 = {
			isa = PBXGroup;
			children = (
				2F52979E2B0C8AF50052C207 /* GetLocationByPlaceName */,
				2F52979D2B0C8AF50052C207 /* Products */,
				C002847F3F413FA707665696 /* Pods */,
				A272BFD209D62D4673B3556D /* Frameworks */,
			);
			sourceTree = "<group>";
		};
		2F52979D2B0C8AF50052C207 /* Products */ = {
			isa = PBXGroup;
			children = (
				2F52979C2B0C8AF50052C207 /* GetLocationByPlaceName.app */,
			);
			name = Products;
			sourceTree = "<group>";
		};
		2F52979E2B0C8AF50052C207 /* GetLocationByPlaceName */ = {
			isa = PBXGroup;
			children = (
				2F52979F2B0C8AF50052C207 /* AppDelegate.swift */,
				2F5297A12B0C8AF50052C207 /* SceneDelegate.swift */,
				2F5297A32B0C8AF50052C207 /* ViewController.swift */,
				2F5297B32B0C8B710052C207 /* PlaceToLocationManager.swift */,
				2F5297A52B0C8AF50052C207 /* Main.storyboard */,
				2F5297A82B0C8AF60052C207 /* Assets.xcassets */,
				2F5297AA2B0C8AF60052C207 /* LaunchScreen.storyboard */,
				2F5297AD2B0C8AF60052C207 /* Info.plist */,
				2F2215C72B0CA9FB001280E7 /* custom.plist */,
			);
			path = GetLocationByPlaceName;
			sourceTree = "<group>";
		};
		A272BFD209D62D4673B3556D /* Frameworks */ = {
			isa = PBXGroup;
			children = (
				AEF0ECC12C21870DFB537A4A /* Pods_GetLocationByPlaceName.framework */,
			);
			name = Frameworks;
			sourceTree = "<group>";
		};
		C002847F3F413FA707665696 /* Pods */ = {
			isa = PBXGroup;
			children = (
				EB9020667583939DBCDB2F29 /* Pods-GetLocationByPlaceName.debug.xcconfig */,
				92846028464F90AF8FCFF426 /* Pods-GetLocationByPlaceName.release.xcconfig */,
			);
			path = Pods;
			sourceTree = "<group>";
		};
/* End PBXGroup section */

/* Begin PBXNativeTarget section */
		2F52979B2B0C8AF50052C207 /* GetLocationByPlaceName */ = {
			isa = PBXNativeTarget;
			buildConfigurationList = 2F5297B02B0C8AF60052C207 /* Build configuration list for PBXNativeTarget "GetLocationByPlaceName" */;
			buildPhases = (
				4CF890AF1369A3EC95841E65 /* [CP] Check Pods Manifest.lock */,
				2F5297982B0C8AF50052C207 /* Sources */,
				2F5297992B0C8AF50052C207 /* Frameworks */,
				2F52979A2B0C8AF50052C207 /* Resources */,
				0B29212FC0BC9B2E4B61CFA9 /* [CP] Copy Pods Resources */,
			);
			buildRules = (
			);
			dependencies = (
			);
			name = GetLocationByPlaceName;
			productName = GetLocationByPlaceName;
			productReference = 2F52979C2B0C8AF50052C207 /* GetLocationByPlaceName.app */;
			productType = "com.apple.product-type.application";
		};
/* End PBXNativeTarget section */

/* Begin PBXProject section */
		2F5297942B0C8AF50052C207 /* Project object */ = {
			isa = PBXProject;
			attributes = {
				BuildIndependentTargetsInParallel = 1;
				LastSwiftUpdateCheck = 1500;
				LastUpgradeCheck = 1500;
				TargetAttributes = {
					2F52979B2B0C8AF50052C207 = {
						CreatedOnToolsVersion = 15.0.1;
					};
				};
			};
			buildConfigurationList = 2F5297972B0C8AF50052C207 /* Build configuration list for PBXProject "GetLocationByPlaceName" */;
			compatibilityVersion = "Xcode 13.0";
			developmentRegion = en;
			hasScannedForEncodings = 0;
			knownRegions = (
				en,
				Base,
			);
			mainGroup = 2F5297932B0C8AF50052C207;
			productRefGroup = 2F52979D2B0C8AF50052C207 /* Products */;
			projectDirPath = "";
			projectRoot = "";
			targets = (
				2F52979B2B0C8AF50052C207 /* GetLocationByPlaceName */,
			);
		};
/* End PBXProject section */

/* Begin PBXResourcesBuildPhase section */
		2F52979A2B0C8AF50052C207 /* Resources */ = {
			isa = PBXResourcesBuildPhase;
			buildActionMask = 2147483647;
			files = (
				2F5297AC2B0C8AF60052C207 /* LaunchScreen.storyboard in Resources */,
				2F2215C82B0CA9FB001280E7 /* custom.plist in Resources */,
				2F5297A92B0C8AF60052C207 /* Assets.xcassets in Resources */,
				2F5297A72B0C8AF50052C207 /* Main.storyboard in Resources */,
			);
			runOnlyForDeploymentPostprocessing = 0;
		};
/* End PBXResourcesBuildPhase section */

/* Begin PBXShellScriptBuildPhase section */
		0B29212FC0BC9B2E4B61CFA9 /* [CP] Copy Pods Resources */ = {
			isa = PBXShellScriptBuildPhase;
			buildActionMask = 2147483647;
			files = (
			);
			inputFileListPaths = (
				"${PODS_ROOT}/Target Support Files/Pods-GetLocationByPlaceName/Pods-GetLocationByPlaceName-resources-${CONFIGURATION}-input-files.xcfilelist",
			);
			name = "[CP] Copy Pods Resources";
			outputFileListPaths = (
				"${PODS_ROOT}/Target Support Files/Pods-GetLocationByPlaceName/Pods-GetLocationByPlaceName-resources-${CONFIGURATION}-output-files.xcfilelist",
			);
			runOnlyForDeploymentPostprocessing = 0;
			shellPath = /bin/sh;
			shellScript = "\"${PODS_ROOT}/Target Support Files/Pods-GetLocationByPlaceName/Pods-GetLocationByPlaceName-resources.sh\"\n";
			showEnvVarsInLog = 0;
		};
		4CF890AF1369A3EC95841E65 /* [CP] Check Pods Manifest.lock */ = {
			isa = PBXShellScriptBuildPhase;
			buildActionMask = 2147483647;
			files = (
			);
			inputFileListPaths = (
			);
			inputPaths = (
				"${PODS_PODFILE_DIR_PATH}/Podfile.lock",
				"${PODS_ROOT}/Manifest.lock",
			);
			name = "[CP] Check Pods Manifest.lock";
			outputFileListPaths = (
			);
			outputPaths = (
				"$(DERIVED_FILE_DIR)/Pods-GetLocationByPlaceName-checkManifestLockResult.txt",
			);
			runOnlyForDeploymentPostprocessing = 0;
			shellPath = /bin/sh;
			shellScript = "diff \"${PODS_PODFILE_DIR_PATH}/Podfile.lock\" \"${PODS_ROOT}/Manifest.lock\" > /dev/null\nif [ $? != 0 ] ; then\n    # print error to STDERR\n    echo \"error: The sandbox is not in sync with the Podfile.lock. Run 'pod install' or update your CocoaPods installation.\" >&2\n    exit 1\nfi\n# This output is used by Xcode 'outputs' to avoid re-running this script phase.\necho \"SUCCESS\" > \"${SCRIPT_OUTPUT_FILE_0}\"\n";
			showEnvVarsInLog = 0;
		};
/* End PBXShellScriptBuildPhase section */

/* Begin PBXSourcesBuildPhase section */
		2F5297982B0C8AF50052C207 /* Sources */ = {
			isa = PBXSourcesBuildPhase;
			buildActionMask = 2147483647;
			files = (
				2F5297A42B0C8AF50052C207 /* ViewController.swift in Sources */,
				2F5297A02B0C8AF50052C207 /* AppDelegate.swift in Sources */,
				2F5297A22B0C8AF50052C207 /* SceneDelegate.swift in Sources */,
				2F5297B42B0C8B710052C207 /* PlaceToLocationManager.swift in Sources */,
			);
			runOnlyForDeploymentPostprocessing = 0;
		};
/* End PBXSourcesBuildPhase section */

/* Begin PBXVariantGroup section */
		2F5297A52B0C8AF50052C207 /* Main.storyboard */ = {
			isa = PBXVariantGroup;
			children = (
				2F5297A62B0C8AF50052C207 /* Base */,
			);
			name = Main.storyboard;
			sourceTree = "<group>";
		};
		2F5297AA2B0C8AF60052C207 /* LaunchScreen.storyboard */ = {
			isa = PBXVariantGroup;
			children = (
				2F5297AB2B0C8AF60052C207 /* Base */,
			);
			name = LaunchScreen.storyboard;
			sourceTree = "<group>";
		};
/* End PBXVariantGroup section */

/* Begin XCBuildConfiguration section */
		2F5297AE2B0C8AF60052C207 /* Debug */ = {
			isa = XCBuildConfiguration;
			buildSettings = {
				ALWAYS_SEARCH_USER_PATHS = NO;
				ASSETCATALOG_COMPILER_GENERATE_SWIFT_ASSET_SYMBOL_EXTENSIONS = YES;
				CLANG_ANALYZER_NONNULL = YES;
				CLANG_ANALYZER_NUMBER_OBJECT_CONVERSION = YES_AGGRESSIVE;
				CLANG_CXX_LANGUAGE_STANDARD = "gnu++20";
				CLANG_ENABLE_MODULES = YES;
				CLANG_ENABLE_OBJC_ARC = YES;
				CLANG_ENABLE_OBJC_WEAK = YES;
				CLANG_WARN_BLOCK_CAPTURE_AUTORELEASING = YES;
				CLANG_WARN_BOOL_CONVERSION = YES;
				CLANG_WARN_COMMA = YES;
				CLANG_WARN_CONSTANT_CONVERSION = YES;
				CLANG_WARN_DEPRECATED_OBJC_IMPLEMENTATIONS = YES;
				CLANG_WARN_DIRECT_OBJC_ISA_USAGE = YES_ERROR;
				CLANG_WARN_DOCUMENTATION_COMMENTS = YES;
				CLANG_WARN_EMPTY_BODY = YES;
				CLANG_WARN_ENUM_CONVERSION = YES;
				CLANG_WARN_INFINITE_RECURSION = YES;
				CLANG_WARN_INT_CONVERSION = YES;
				CLANG_WARN_NON_LITERAL_NULL_CONVERSION = YES;
				CLANG_WARN_OBJC_IMPLICIT_RETAIN_SELF = YES;
				CLANG_WARN_OBJC_LITERAL_CONVERSION = YES;
				CLANG_WARN_OBJC_ROOT_CLASS = YES_ERROR;
				CLANG_WARN_QUOTED_INCLUDE_IN_FRAMEWORK_HEADER = YES;
				CLANG_WARN_RANGE_LOOP_ANALYSIS = YES;
				CLANG_WARN_STRICT_PROTOTYPES = YES;
				CLANG_WARN_SUSPICIOUS_MOVE = YES;
				CLANG_WARN_UNGUARDED_AVAILABILITY = YES_AGGRESSIVE;
				CLANG_WARN_UNREACHABLE_CODE = YES;
				CLANG_WARN__DUPLICATE_METHOD_MATCH = YES;
				COPY_PHASE_STRIP = NO;
				DEBUG_INFORMATION_FORMAT = dwarf;
				ENABLE_STRICT_OBJC_MSGSEND = YES;
				ENABLE_TESTABILITY = YES;
				ENABLE_USER_SCRIPT_SANDBOXING = NO;
				GCC_C_LANGUAGE_STANDARD = gnu17;
				GCC_DYNAMIC_NO_PIC = NO;
				GCC_NO_COMMON_BLOCKS = YES;
				GCC_OPTIMIZATION_LEVEL = 0;
				GCC_PREPROCESSOR_DEFINITIONS = (
					"DEBUG=1",
					"$(inherited)",
				);
				GCC_WARN_64_TO_32_BIT_CONVERSION = YES;
				GCC_WARN_ABOUT_RETURN_TYPE = YES_ERROR;
				GCC_WARN_UNDECLARED_SELECTOR = YES;
				GCC_WARN_UNINITIALIZED_AUTOS = YES_AGGRESSIVE;
				GCC_WARN_UNUSED_FUNCTION = YES;
				GCC_WARN_UNUSED_VARIABLE = YES;
				IPHONEOS_DEPLOYMENT_TARGET = 17.0;
				LOCALIZATION_PREFERS_STRING_CATALOGS = YES;
				MTL_ENABLE_DEBUG_INFO = INCLUDE_SOURCE;
				MTL_FAST_MATH = YES;
				ONLY_ACTIVE_ARCH = YES;
				SDKROOT = iphoneos;
				SWIFT_ACTIVE_COMPILATION_CONDITIONS = "DEBUG $(inherited)";
				SWIFT_OPTIMIZATION_LEVEL = "-Onone";
			};
			name = Debug;
		};
		2F5297AF2B0C8AF60052C207 /* Release */ = {
			isa = XCBuildConfiguration;
			buildSettings = {
				ALWAYS_SEARCH_USER_PATHS = NO;
				ASSETCATALOG_COMPILER_GENERATE_SWIFT_ASSET_SYMBOL_EXTENSIONS = YES;
				CLANG_ANALYZER_NONNULL = YES;
				CLANG_ANALYZER_NUMBER_OBJECT_CONVERSION = YES_AGGRESSIVE;
				CLANG_CXX_LANGUAGE_STANDARD = "gnu++20";
				CLANG_ENABLE_MODULES = YES;
				CLANG_ENABLE_OBJC_ARC = YES;
				CLANG_ENABLE_OBJC_WEAK = YES;
				CLANG_WARN_BLOCK_CAPTURE_AUTORELEASING = YES;
				CLANG_WARN_BOOL_CONVERSION = YES;
				CLANG_WARN_COMMA = YES;
				CLANG_WARN_CONSTANT_CONVERSION = YES;
				CLANG_WARN_DEPRECATED_OBJC_IMPLEMENTATIONS = YES;
				CLANG_WARN_DIRECT_OBJC_ISA_USAGE = YES_ERROR;
				CLANG_WARN_DOCUMENTATION_COMMENTS = YES;
				CLANG_WARN_EMPTY_BODY = YES;
				CLANG_WARN_ENUM_CONVERSION = YES;
				CLANG_WARN_INFINITE_RECURSION = YES;
				CLANG_WARN_INT_CONVERSION = YES;
				CLANG_WARN_NON_LITERAL_NULL_CONVERSION = YES;
				CLANG_WARN_OBJC_IMPLICIT_RETAIN_SELF = YES;
				CLANG_WARN_OBJC_LITERAL_CONVERSION = YES;
				CLANG_WARN_OBJC_ROOT_CLASS = YES_ERROR;
				CLANG_WARN_QUOTED_INCLUDE_IN_FRAMEWORK_HEADER = YES;
				CLANG_WARN_RANGE_LOOP_ANALYSIS = YES;
				CLANG_WARN_STRICT_PROTOTYPES = YES;
				CLANG_WARN_SUSPICIOUS_MOVE = YES;
				CLANG_WARN_UNGUARDED_AVAILABILITY = YES_AGGRESSIVE;
				CLANG_WARN_UNREACHABLE_CODE = YES;
				CLANG_WARN__DUPLICATE_METHOD_MATCH = YES;
				COPY_PHASE_STRIP = NO;
				DEBUG_INFORMATION_FORMAT = "dwarf-with-dsym";
				ENABLE_NS_ASSERTIONS = NO;
				ENABLE_STRICT_OBJC_MSGSEND = YES;
				ENABLE_USER_SCRIPT_SANDBOXING = NO;
				GCC_C_LANGUAGE_STANDARD = gnu17;
				GCC_NO_COMMON_BLOCKS = YES;
				GCC_WARN_64_TO_32_BIT_CONVERSION = YES;
				GCC_WARN_ABOUT_RETURN_TYPE = YES_ERROR;
				GCC_WARN_UNDECLARED_SELECTOR = YES;
				GCC_WARN_UNINITIALIZED_AUTOS = YES_AGGRESSIVE;
				GCC_WARN_UNUSED_FUNCTION = YES;
				GCC_WARN_UNUSED_VARIABLE = YES;
				IPHONEOS_DEPLOYMENT_TARGET = 17.0;
				LOCALIZATION_PREFERS_STRING_CATALOGS = YES;
				MTL_ENABLE_DEBUG_INFO = NO;
				MTL_FAST_MATH = YES;
				SDKROOT = iphoneos;
				SWIFT_COMPILATION_MODE = wholemodule;
				VALIDATE_PRODUCT = YES;
			};
			name = Release;
		};
		2F5297B12B0C8AF60052C207 /* Debug */ = {
			isa = XCBuildConfiguration;
			baseConfigurationReference = EB9020667583939DBCDB2F29 /* Pods-GetLocationByPlaceName.debug.xcconfig */;
			buildSettings = {
				ASSETCATALOG_COMPILER_APPICON_NAME = AppIcon;
				ASSETCATALOG_COMPILER_GLOBAL_ACCENT_COLOR_NAME = AccentColor;
				CODE_SIGN_STYLE = Automatic;
				CURRENT_PROJECT_VERSION = 1;
				DEVELOPMENT_TEAM = MURH4SN58F;
				GENERATE_INFOPLIST_FILE = YES;
				INFOPLIST_FILE = GetLocationByPlaceName/Info.plist;
				INFOPLIST_KEY_UIApplicationSupportsIndirectInputEvents = YES;
				INFOPLIST_KEY_UILaunchStoryboardName = LaunchScreen;
				INFOPLIST_KEY_UIMainStoryboardFile = Main;
				INFOPLIST_KEY_UISupportedInterfaceOrientations_iPad = "UIInterfaceOrientationPortrait UIInterfaceOrientationPortraitUpsideDown UIInterfaceOrientationLandscapeLeft UIInterfaceOrientationLandscapeRight";
				INFOPLIST_KEY_UISupportedInterfaceOrientations_iPhone = "UIInterfaceOrientationPortrait UIInterfaceOrientationLandscapeLeft UIInterfaceOrientationLandscapeRight";
				IPHONEOS_DEPLOYMENT_TARGET = 13.0;
				LD_RUNPATH_SEARCH_PATHS = (
					"$(inherited)",
					"@executable_path/Frameworks",
				);
				MARKETING_VERSION = 1.0;
				PRODUCT_BUNDLE_IDENTIFIER = com.benefitbyte.GetLocationByPlaceName;
				PRODUCT_NAME = "$(TARGET_NAME)";
				SWIFT_EMIT_LOC_STRINGS = YES;
				SWIFT_VERSION = 5.0;
				TARGETED_DEVICE_FAMILY = "1,2";
			};
			name = Debug;
		};
		2F5297B22B0C8AF60052C207 /* Release */ = {
			isa = XCBuildConfiguration;
			baseConfigurationReference = 92846028464F90AF8FCFF426 /* Pods-GetLocationByPlaceName.release.xcconfig */;
			buildSettings = {
				ASSETCATALOG_COMPILER_APPICON_NAME = AppIcon;
				ASSETCATALOG_COMPILER_GLOBAL_ACCENT_COLOR_NAME = AccentColor;
				CODE_SIGN_STYLE = Automatic;
				CURRENT_PROJECT_VERSION = 1;
				DEVELOPMENT_TEAM = MURH4SN58F;
				GENERATE_INFOPLIST_FILE = YES;
				INFOPLIST_FILE = GetLocationByPlaceName/Info.plist;
				INFOPLIST_KEY_UIApplicationSupportsIndirectInputEvents = YES;
				INFOPLIST_KEY_UILaunchStoryboardName = LaunchScreen;
				INFOPLIST_KEY_UIMainStoryboardFile = Main;
				INFOPLIST_KEY_UISupportedInterfaceOrientations_iPad = "UIInterfaceOrientationPortrait UIInterfaceOrientationPortraitUpsideDown UIInterfaceOrientationLandscapeLeft UIInterfaceOrientationLandscapeRight";
				INFOPLIST_KEY_UISupportedInterfaceOrientations_iPhone = "UIInterfaceOrientationPortrait UIInterfaceOrientationLandscapeLeft UIInterfaceOrientationLandscapeRight";
				IPHONEOS_DEPLOYMENT_TARGET = 13.0;
				LD_RUNPATH_SEARCH_PATHS = (
					"$(inherited)",
					"@executable_path/Frameworks",
				);
				MARKETING_VERSION = 1.0;
				PRODUCT_BUNDLE_IDENTIFIER = com.benefitbyte.GetLocationByPlaceName;
				PRODUCT_NAME = "$(TARGET_NAME)";
				SWIFT_EMIT_LOC_STRINGS = YES;
				SWIFT_VERSION = 5.0;
				TARGETED_DEVICE_FAMILY = "1,2";
			};
			name = Release;
		};
/* End XCBuildConfiguration section */

/* Begin XCConfigurationList section */
		2F5297972B0C8AF50052C207 /* Build configuration list for PBXProject "GetLocationByPlaceName" */ = {
			isa = XCConfigurationList;
			buildConfigurations = (
				2F5297AE2B0C8AF60052C207 /* Debug */,
				2F5297AF2B0C8AF60052C207 /* Release */,
			);
			defaultConfigurationIsVisible = 0;
			defaultConfigurationName = Release;
		};
		2F5297B02B0C8AF60052C207 /* Build configuration list for PBXNativeTarget "GetLocationByPlaceName" */ = {
			isa = XCConfigurationList;
			buildConfigurations = (
				2F5297B12B0C8AF60052C207 /* Debug */,
				2F5297B22B0C8AF60052C207 /* Release */,
			);
			defaultConfigurationIsVisible = 0;
			defaultConfigurationName = Release;
		};
/* End XCConfigurationList section */
	};
	rootObject = 2F5297942B0C8AF50052C207 /* Project object */;
}
